{
    "_readme": [
        "This file locks the dependencies of your project to a known state",
        "Read more about it at https://getcomposer.org/doc/01-basic-usage.md#composer-lock-the-lock-file",
        "This file is @generated automatically"
    ],
    "content-hash": "d4b84e6450eb3a7f31ca3af4ca14bbd7",
    "packages": [
        {
            "name": "mautic/composer-plugin",
            "version": "1.0.0",
            "source": {
                "type": "git",
                "url": "https://github.com/mautic/composer-plugin.git",
                "reference": "27d2474ae8e39d30d28908d6f818e71fe32b8443"
            },
            "dist": {
                "type": "zip",
                "url": "https://api.github.com/repos/mautic/composer-plugin/zipball/27d2474ae8e39d30d28908d6f818e71fe32b8443",
                "reference": "27d2474ae8e39d30d28908d6f818e71fe32b8443",
                "shasum": ""
            },
            "require": {
                "composer-plugin-api": "^1.0 |  ^2.0"
            },
            "require-dev": {
                "composer/composer": "^1.5"
            },
            "type": "composer-plugin",
            "extra": {
                "class": "Mautic\\Composer\\InstallerPlugin"
            },
            "autoload": {
                "psr-4": {
                    "Mautic\\Composer\\": "src/"
                }
            },
            "notification-url": "https://packagist.org/downloads/",
            "license": [
                "MIT"
            ],
            "time": "2017-12-10T22:16:22+00:00"
        }
    ],
    "packages-dev": [],
    "aliases": [],
    "minimum-stability": "stable",
    "stability-flags": [],
    "prefer-stable": false,
    "prefer-lowest": false,
    "platform": [],
    "platform-dev": []
}
